// !$*UTF8*$!
{
	archiveVersion = 1;
	classes = {
	};
	objectVersion = 46;
	objects = {

/* Begin PBXBuildFile section */
		58D44D8D1EAA2DD7004A4AD6 /* AppDelegate.swift in Sources */ = {isa = PBXBuildFile; fileRef = 58D44D8C1EAA2DD7004A4AD6 /* AppDelegate.swift */; };
		58D44D8F1EAA2DD7004A4AD6 /* ViewController.swift in Sources */ = {isa = PBXBuildFile; fileRef = 58D44D8E1EAA2DD7004A4AD6 /* ViewController.swift */; };
		58D44D921EAA2DD7004A4AD6 /* Main.storyboard in Resources */ = {isa = PBXBuildFile; fileRef = 58D44D901EAA2DD7004A4AD6 /* Main.storyboard */; };
		58D44D941EAA2DD7004A4AD6 /* Assets.xcassets in Resources */ = {isa = PBXBuildFile; fileRef = 58D44D931EAA2DD7004A4AD6 /* Assets.xcassets */; };
		58D44D971EAA2DD7004A4AD6 /* LaunchScreen.storyboard in Resources */ = {isa = PBXBuildFile; fileRef = 58D44D951EAA2DD7004A4AD6 /* LaunchScreen.storyboard */; };
		58D44D9F1EAA2E18004A4AD6 /* CurvedView.swift in Sources */ = {isa = PBXBuildFile; fileRef = 58D44D9E1EAA2E18004A4AD6 /* CurvedView.swift */; };
/* End PBXBuildFile section */

/* Begin PBXFileReference section */
		58D44D891EAA2DD7004A4AD6 /* BeizerPathDesign.app */ = {isa = PBXFileReference; explicitFileType = wrapper.application; includeInIndex = 0; path = BeizerPathDesign.app; sourceTree = BUILT_PRODUCTS_DIR; };
		58D44D8C1EAA2DD7004A4AD6 /* AppDelegate.swift */ = {isa = PBXFileReference; lastKnownFileType = sourcecode.swift; path = AppDelegate.swift; sourceTree = "<group>"; };
		58D44D8E1EAA2DD7004A4AD6 /* ViewController.swift */ = {isa = PBXFileReference; lastKnownFileType = sourcecode.swift; path = ViewController.swift; sourceTree = "<group>"; };
		58D44D911EAA2DD7004A4AD6 /* Base */ = {isa = PBXFileReference; lastKnownFileType = file.storyboard; name = Base; path = Base.lproj/Main.storyboard; sourceTree = "<group>"; };
		58D44D931EAA2DD7004A4AD6 /* Assets.xcassets */ = {isa = PBXFileReference; lastKnownFileType = folder.assetcatalog; path = Assets.xcassets; sourceTree = "<group>"; };
		58D44D961EAA2DD7004A4AD6 /* Base */ = {isa = PBXFileReference; lastKnownFileType = file.storyboard; name = Base; path = Base.lproj/LaunchScreen.storyboard; sourceTree = "<group>"; };
		58D44D981EAA2DD7004A4AD6 /* Info.plist */ = {isa = PBXFileReference; lastKnownFileType = text.plist.xml; path = Info.plist; sourceTree = "<group>"; };
		58D44D9E1EAA2E18004A4AD6 /* CurvedView.swift */ = {isa = PBXFileReference; fileEncoding = 4; lastKnownFileType = sourcecode.swift; path = CurvedView.swift; sourceTree = "<group>"; };
/* End PBXFileReference section */

/* Begin PBXFrameworksBuildPhase section */
		58D44D861EAA2DD7004A4AD6 /* Frameworks */ = {
			isa = PBXFrameworksBuildPhase;
			buildActionMask = 2147483647;
			files = (
			);
			runOnlyForDeploymentPostprocessing = 0;
		};
/* End PBXFrameworksBuildPhase section */

/* Begin PBXGroup section */
		58D44D801EAA2DD6004A4AD6 = {
			isa = PBXGroup;
			children = (
				58D44D8B1EAA2DD7004A4AD6 /* BeizerPathDesign */,
				58D44D8A1EAA2DD7004A4AD6 /* Products */,
			);
			sourceTree = "<group>";
		};
		58D44D8A1EAA2DD7004A4AD6 /* Products */ = {
			isa = PBXGroup;
			children = (
				58D44D891EAA2DD7004A4AD6 /* BeizerPathDesign.app */,
			);
			name = Products;
			sourceTree = "<group>";
		};
		58D44D8B1EAA2DD7004A4AD6 /* BeizerPathDesign */ = {
			isa = PBXGroup;
			children = (
				58D44D8C1EAA2DD7004A4AD6 /* AppDelegate.swift */,
				58D44D8E1EAA2DD7004A4AD6 /* ViewController.swift */,
				58D44D9E1EAA2E18004A4AD6 /* CurvedView.swift */,
				58D44D901EAA2DD7004A4AD6 /* Main.storyboard */,
				58D44D931EAA2DD7004A4AD6 /* Assets.xcassets */,
				58D44D951EAA2DD7004A4AD6 /* LaunchScreen.storyboard */,
				58D44D981EAA2DD7004A4AD6 /* Info.plist */,
			);
			path = BeizerPathDesign;
			sourceTree = "<group>";
		};
/* End PBXGroup section */

/* Begin PBXNativeTarget section */
		58D44D881EAA2DD7004A4AD6 /* BeizerPathDesign */ = {
			isa = PBXNativeTarget;
			buildConfigurationList = 58D44D9B1EAA2DD7004A4AD6 /* Build configuration list for PBXNativeTarget "BeizerPathDesign" */;
			buildPhases = (
				58D44D851EAA2DD7004A4AD6 /* Sources */,
				58D44D861EAA2DD7004A4AD6 /* Frameworks */,
				58D44D871EAA2DD7004A4AD6 /* Resources */,
			);
			buildRules = (
			);
			dependencies = (
			);
			name = BeizerPathDesign;
			productName = BeizerPathDesign;
			productReference = 58D44D891EAA2DD7004A4AD6 /* BeizerPathDesign.app */;
			productType = "com.apple.product-type.application";
		};
/* End PBXNativeTarget section */

/* Begin PBXProject section */
		58D44D811EAA2DD7004A4AD6 /* Project object */ = {
			isa = PBXProject;
			attributes = {
				LastSwiftUpdateCheck = 0820;
				LastUpgradeCheck = 0820;
				ORGANIZATIONNAME = Next;
				TargetAttributes = {
					58D44D881EAA2DD7004A4AD6 = {
						CreatedOnToolsVersion = 8.2.1;
						DevelopmentTeam = 7KV7Y4QP2Z;
						ProvisioningStyle = Automatic;
					};
				};
			};
			buildConfigurationList = 58D44D841EAA2DD7004A4AD6 /* Build configuration list for PBXProject "BeizerPathDesign" */;
			compatibilityVersion = "Xcode 3.2";
			developmentRegion = English;
			hasScannedForEncodings = 0;
			knownRegions = (
				en,
				Base,
			);
			mainGroup = 58D44D801EAA2DD6004A4AD6;
			productRefGroup = 58D44D8A1EAA2DD7004A4AD6 /* Products */;
			projectDirPath = "";
			projectRoot = "";
			targets = (
				58D44D881EAA2DD7004A4AD6 /* BeizerPathDesign */,
			);
		};
/* End PBXProject section */

/* Begin PBXResourcesBuildPhase section */
		58D44D871EAA2DD7004A4AD6 /* Resources */ = {
			isa = PBXResourcesBuildPhase;
			buildActionMask = 2147483647;
			files = (
				58D44D971EAA2DD7004A4AD6 /* LaunchScreen.storyboard in Resources */,
				58D44D941EAA2DD7004A4AD6 /* Assets.xcassets in Resources */,
				58D44D921EAA2DD7004A4AD6 /* Main.storyboard in Resources */,
			);
			runOnlyForDeploymentPostprocessing = 0;
		};
/* End PBXResourcesBuildPhase section */

/* Begin PBXSourcesBuildPhase section */
		58D44D851EAA2DD7004A4AD6 /* Sources */ = {
			isa = PBXSourcesBuildPhase;
			buildActionMask = 2147483647;
			files = (
				58D44D8F1EAA2DD7004A4AD6 /* ViewController.swift in Sources */,
				58D44D9F1EAA2E18004A4AD6 /* CurvedView.swift in Sources */,
				58D44D8D1EAA2DD7004A4AD6 /* AppDelegate.swift in Sources */,
			);
			runOnlyForDeploymentPostprocessing = 0;
		};
/* End PBXSourcesBuildPhase section */

/* Begin PBXVariantGroup section */
		58D44D901EAA2DD7004A4AD6 /* Main.storyboard */ = {
			isa = PBXVariantGroup;
			children = (
				58D44D911EAA2DD7004A4AD6 /* Base */,
			);
			name = Main.storyboard;
			sourceTree = "<group>";
		};
		58D44D951EAA2DD7004A4AD6 /* LaunchScreen.storyboard */ = {
			isa = PBXVariantGroup;
			children = (
				58D44D961EAA2DD7004A4AD6 /* Base */,
			);
			name = LaunchScreen.storyboard;
			sourceTree = "<group>";
		};
/* End PBXVariantGroup section */

/* Begin XCBuildConfiguration section */
		58D44D991EAA2DD7004A4AD6 /* Debug */ = {
			isa = XCBuildConfiguration;
			buildSettings = {
				ALWAYS_SEARCH_USER_PATHS = NO;
				CLANG_ANALYZER_NONNULL = YES;
				CLANG_CXX_LANGUAGE_STANDARD = "gnu++0x";
				CLANG_CXX_LIBRARY = "libc++";
				CLANG_ENABLE_MODULES = YES;
				CLANG_ENABLE_OBJC_ARC = YES;
				CLANG_WARN_BOOL_CONVERSION = YES;
				CLANG_WARN_CONSTANT_CONVERSION = YES;
				CLANG_WARN_DIRECT_OBJC_ISA_USAGE = YES_ERROR;
				CLANG_WARN_DOCUMENTATION_COMMENTS = YES;
				CLANG_WARN_EMPTY_BODY = YES;
				CLANG_WARN_ENUM_CONVERSION = YES;
				CLANG_WARN_INFINITE_RECURSION = YES;
				CLANG_WARN_INT_CONVERSION = YES;
				CLANG_WARN_OBJC_ROOT_CLASS = YES_ERROR;
				CLANG_WARN_SUSPICIOUS_MOVE = YES;
				CLANG_WARN_UNREACHABLE_CODE = YES;
				CLANG_WARN__DUPLICATE_METHOD_MATCH = YES;
				"CODE_SIGN_IDENTITY[sdk=iphoneos*]" = "iPhone Developer";
				COPY_PHASE_STRIP = NO;
				DEBUG_INFORMATION_FORMAT = dwarf;
				ENABLE_STRICT_OBJC_MSGSEND = YES;
				ENABLE_TESTABILITY = YES;
				GCC_C_LANGUAGE_STANDARD = gnu99;
				GCC_DYNAMIC_NO_PIC = NO;
				GCC_NO_COMMON_BLOCKS = YES;
				GCC_OPTIMIZATION_LEVEL = 0;
				GCC_PREPROCESSOR_DEFINITIONS = (
					"DEBUG=1",
					"$(inherited)",
				);
				GCC_WARN_64_TO_32_BIT_CONVERSION = YES;
				GCC_WARN_ABOUT_RETURN_TYPE = YES_ERROR;
				GCC_WARN_UNDECLARED_SELECTOR = YES;
				GCC_WARN_UNINITIALIZED_AUTOS = YES_AGGRESSIVE;
				GCC_WARN_UNUSED_FUNCTION = YES;
				GCC_WARN_UNUSED_VARIABLE = YES;
				IPHONEOS_DEPLOYMENT_TARGET = 10.2;
				MTL_ENABLE_DEBUG_INFO = YES;
				ONLY_ACTIVE_ARCH = YES;
				SDKROOT = iphoneos;
				SWIFT_ACTIVE_COMPILATION_CONDITIONS = DEBUG;
				SWIFT_OPTIMIZATION_LEVEL = "-Onone";
				TARGETED_DEVICE_FAMILY = "1,2";
			};
			name = Debug;
		};
		58D44D9A1EAA2DD7004A4AD6 /* Release */ = {
			isa = XCBuildConfiguration;
			buildSettings = {
				ALWAYS_SEARCH_USER_PATHS = NO;
				CLANG_ANALYZER_NONNULL = YES;
				CLANG_CXX_LANGUAGE_STANDARD = "gnu++0x";
				CLANG_CXX_LIBRARY = "libc++";
				CLANG_ENABLE_MODULES = YES;
				CLANG_ENABLE_OBJC_ARC = YES;
				CLANG_WARN_BOOL_CONVERSION = YES;
				CLANG_WARN_CONSTANT_CONVERSION = YES;
				CLANG_WARN_DIRECT_OBJC_ISA_USAGE = YES_ERROR;
				CLANG_WARN_DOCUMENTATION_COMMENTS = YES;
				CLANG_WARN_EMPTY_BODY = YES;
				CLANG_WARN_ENUM_CONVERSION = YES;
				CLANG_WARN_INFINITE_RECURSION = YES;
				CLANG_WARN_INT_CONVERSION = YES;
				CLANG_WARN_OBJC_ROOT_CLASS = YES_ERROR;
				CLANG_WARN_SUSPICIOUS_MOVE = YES;
				CLANG_WARN_UNREACHABLE_CODE = YES;
				CLANG_WARN__DUPLICATE_METHOD_MATCH = YES;
				"CODE_SIGN_IDENTITY[sdk=iphoneos*]" = "iPhone Developer";
				COPY_PHASE_STRIP = NO;
				DEBUG_INFORMATION_FORMAT = "dwarf-with-dsym";
				ENABLE_NS_ASSERTIONS = NO;
				ENABLE_STRICT_OBJC_MSGSEND = YES;
				GCC_C_LANGUAGE_STANDARD = gnu99;
				GCC_NO_COMMON_BLOCKS = YES;
				GCC_WARN_64_TO_32_BIT_CONVERSION = YES;
				GCC_WARN_ABOUT_RETURN_TYPE = YES_ERROR;
				GCC_WARN_UNDECLARED_SELECTOR = YES;
				GCC_WARN_UNINITIALIZED_AUTOS = YES_AGGRESSIVE;
				GCC_WARN_UNUSED_FUNCTION = YES;
				GCC_WARN_UNUSED_VARIABLE = YES;
				IPHONEOS_DEPLOYMENT_TARGET = 10.2;
				MTL_ENABLE_DEBUG_INFO = NO;
				SDKROOT = iphoneos;
				SWIFT_OPTIMIZATION_LEVEL = "-Owholemodule";
				TARGETED_DEVICE_FAMILY = "1,2";
				VALIDATE_PRODUCT = YES;
			};
			name = Release;
		};
		58D44D9C1EAA2DD7004A4AD6 /* Debug */ = {
			isa = XCBuildConfiguration;
			buildSettings = {
				ASSETCATALOG_COMPILER_APPICON_NAME = AppIcon;
				DEVELOPMENT_TEAM = 7KV7Y4QP2Z;
				INFOPLIST_FILE = BeizerPathDesign/Info.plist;
				LD_RUNPATH_SEARCH_PATHS = "$(inherited) @executable_path/Frameworks";
				PRODUCT_BUNDLE_IDENTIFIER = com.next.BeizerPathDesign;
				PRODUCT_NAME = "$(TARGET_NAME)";
				SWIFT_VERSION = 3.0;
			};
			name = Debug;
		};
		58D44D9D1EAA2DD7004A4AD6 /* Release */ = {
			isa = XCBuildConfiguration;
			buildSettings = {
				ASSETCATALOG_COMPILER_APPICON_NAME = AppIcon;
				DEVELOPMENT_TEAM = 7KV7Y4QP2Z;
				INFOPLIST_FILE = BeizerPathDesign/Info.plist;
				LD_RUNPATH_SEARCH_PATHS = "$(inherited) @executable_path/Frameworks";
				PRODUCT_BUNDLE_IDENTIFIER = com.next.BeizerPathDesign;
				PRODUCT_NAME = "$(TARGET_NAME)";
				SWIFT_VERSION = 3.0;
			};
			name = Release;
		};
/* End XCBuildConfiguration section */

/* Begin XCConfigurationList section */
		58D44D841EAA2DD7004A4AD6 /* Build configuration list for PBXProject "BeizerPathDesign" */ = {
			isa = XCConfigurationList;
			buildConfigurations = (
				58D44D991EAA2DD7004A4AD6 /* Debug */,
				58D44D9A1EAA2DD7004A4AD6 /* Release */,
			);
			defaultConfigurationIsVisible = 0;
			defaultConfigurationName = Release;
		};
		58D44D9B1EAA2DD7004A4AD6 /* Build configuration list for PBXNativeTarget "BeizerPathDesign" */ = {
			isa = XCConfigurationList;
			buildConfigurations = (
				58D44D9C1EAA2DD7004A4AD6 /* Debug */,
				58D44D9D1EAA2DD7004A4AD6 /* Release */,
			);
			defaultConfigurationIsVisible = 0;
		};
/* End XCConfigurationList section */
	};
	rootObject = 58D44D811EAA2DD7004A4AD6 /* Project object */;
}
